
Microsoft Visual Studio Solution File, Format Version 12.00
# Visual Studio 14
VisualStudioVersion = 14.0.24720.0
MinimumVisualStudioVersion = 10.0.40219.1
Project("{FAE04EC0-301F-11D3-BF4B-00C04F79EFBC}") = "Harj1", "Harj1\Harj1.csproj", "{83DEB866-C264-4D91-9924-15A6E75529F5}"
EndProject
Project("{FAE04EC0-301F-11D3-BF4B-00C04F79EFBC}") = "Harkka1", "..\Harkka1\Harkka1.csproj", "{8BCBC53A-E113-4C57-91DF-59026D421A1B}"
EndProject
Project("{FAE04EC0-301F-11D3-BF4B-00C04F79EFBC}") = "Harj_1", "..\Harj_1\Harj_1.csproj", "{E638DC68-9838-40E8-A759-4DFA35C48206}"
EndProject
Project("{FAE04EC0-301F-11D3-BF4B-00C04F79EFBC}") = "Harj5", "..\Harj5\Harj5.csproj", "{3DEAC79C-0A33-4C63-AD95-6C283049F5D1}"
EndProject
Project("{FAE04EC0-301F-11D3-BF4B-00C04F79EFBC}") = "Speakers", "Kirjahylly\Speakers.csproj", "{80427BF0-2776-4C8B-873D-0AE98ED8D9C5}"
EndProject
Global
	GlobalSection(SolutionConfigurationPlatforms) = preSolution
		Debug|Any CPU = Debug|Any CPU
		Release|Any CPU = Release|Any CPU
	EndGlobalSection
	GlobalSection(ProjectConfigurationPlatforms) = postSolution
		{83DEB866-C264-4D91-9924-15A6E75529F5}.Debug|Any CPU.ActiveCfg = Debug|Any CPU
		{83DEB866-C264-4D91-9924-15A6E75529F5}.Debug|Any CPU.Build.0 = Debug|Any CPU
		{83DEB866-C264-4D91-9924-15A6E75529F5}.Release|Any CPU.ActiveCfg = Release|Any CPU
		{83DEB866-C264-4D91-9924-15A6E75529F5}.Release|Any CPU.Build.0 = Release|Any CPU
		{8BCBC53A-E113-4C57-91DF-59026D421A1B}.Debug|Any CPU.ActiveCfg = Debug|Any CPU
		{8BCBC53A-E113-4C57-91DF-59026D421A1B}.Debug|Any CPU.Build.0 = Debug|Any CPU
		{8BCBC53A-E113-4C57-91DF-59026D421A1B}.Release|Any CPU.ActiveCfg = Release|Any CPU
		{8BCBC53A-E113-4C57-91DF-59026D421A1B}.Release|Any CPU.Build.0 = Release|Any CPU
		{E638DC68-9838-40E8-A759-4DFA35C48206}.Debug|Any CPU.ActiveCfg = Debug|Any CPU
		{E638DC68-9838-40E8-A759-4DFA35C48206}.Debug|Any CPU.Build.0 = Debug|Any CPU
		{E638DC68-9838-40E8-A759-4DFA35C48206}.Release|Any CPU.ActiveCfg = Release|Any CPU
		{E638DC68-9838-40E8-A759-4DFA35C48206}.Release|Any CPU.Build.0 = Release|Any CPU
		{3DEAC79C-0A33-4C63-AD95-6C283049F5D1}.Debug|Any CPU.ActiveCfg = Debug|Any CPU
		{3DEAC79C-0A33-4C63-AD95-6C283049F5D1}.Debug|Any CPU.Build.0 = Debug|Any CPU
		{3DEAC79C-0A33-4C63-AD95-6C283049F5D1}.Release|Any CPU.ActiveCfg = Release|Any CPU
		{3DEAC79C-0A33-4C63-AD95-6C283049F5D1}.Release|Any CPU.Build.0 = Release|Any CPU
		{80427BF0-2776-4C8B-873D-0AE98ED8D9C5}.Debug|Any CPU.ActiveCfg = Debug|Any CPU
		{80427BF0-2776-4C8B-873D-0AE98ED8D9C5}.Debug|Any CPU.Build.0 = Debug|Any CPU
		{80427BF0-2776-4C8B-873D-0AE98ED8D9C5}.Release|Any CPU.ActiveCfg = Release|Any CPU
		{80427BF0-2776-4C8B-873D-0AE98ED8D9C5}.Release|Any CPU.Build.0 = Release|Any CPU
	EndGlobalSection
	GlobalSection(SolutionProperties) = preSolution
		HideSolutionNode = FALSE
	EndGlobalSection
EndGlobal
